
Microsoft Visual Studio Solution File, Format Version 12.00
# Visual Studio Version 16
VisualStudioVersion = 16.0.30104.148
MinimumVisualStudioVersion = 10.0.40219.1
Project("{FAE04EC0-301F-11D3-BF4B-00C04F79EFBC}") = "ProjetoZero", "ProjetoZero\ProjetoZero.csproj", "{1C07ED41-6B2E-430D-A3F8-42F3217CB862}"
EndProject
Global
	GlobalSection(SolutionConfigurationPlatforms) = preSolution
		Debug|Any CPU = Debug|Any CPU
		Release|Any CPU = Release|Any CPU
	EndGlobalSection
	GlobalSection(ProjectConfigurationPlatforms) = postSolution
		{1C07ED41-6B2E-430D-A3F8-42F3217CB862}.Debug|Any CPU.ActiveCfg = Debug|Any CPU
		{1C07ED41-6B2E-430D-A3F8-42F3217CB862}.Debug|Any CPU.Build.0 = Debug|Any CPU
		{1C07ED41-6B2E-430D-A3F8-42F3217CB862}.Release|Any CPU.ActiveCfg = Release|Any CPU
		{1C07ED41-6B2E-430D-A3F8-42F3217CB862}.Release|Any CPU.Build.0 = Release|Any CPU
	EndGlobalSection
	GlobalSection(SolutionProperties) = preSolution
		HideSolutionNode = FALSE
	EndGlobalSection
	GlobalSection(ExtensibilityGlobals) = postSolution
		SolutionGuid = {F8BEC967-6AD0-47C7-9569-2E8BBDB2DC2C}
	EndGlobalSection
EndGlobal
